
Microsoft Visual Studio Solution File, Format Version 12.00
# Visual Studio 2012
Project("{FAE04EC0-301F-11D3-BF4B-00C04F79EFBC}") = "TwitterBootstrapDemo", "TwitterBootstrapDemo\TwitterBootstrapDemo.csproj", "{80D27773-E8D8-4BC6-8479-F2967DF51091}"
EndProject
Project("{2150E333-8FDC-42A3-9474-1A3956D46DE8}") = "Database", "Database", "{E2603136-7472-4672-B7F0-C50119320A6D}"
	ProjectSection(SolutionItems) = preProject
		01 Create Categories table.sql = 01 Create Categories table.sql
		02 Create articles table.sql = 02 Create articles table.sql
		READEME.txt = READEME.txt
	EndProjectSection
EndProject
Project("{2150E333-8FDC-42A3-9474-1A3956D46DE8}") = ".nuget", ".nuget", "{D39EC0E1-DD7D-4586-AE3D-33BFEE7D1C71}"
	ProjectSection(SolutionItems) = preProject
		.nuget\NuGet.Config = .nuget\NuGet.Config
		.nuget\NuGet.exe = .nuget\NuGet.exe
		.nuget\NuGet.targets = .nuget\NuGet.targets
	EndProjectSection
EndProject
Global
	GlobalSection(SolutionConfigurationPlatforms) = preSolution
		Debug|Any CPU = Debug|Any CPU
		Release|Any CPU = Release|Any CPU
	EndGlobalSection
	GlobalSection(ProjectConfigurationPlatforms) = postSolution
		{80D27773-E8D8-4BC6-8479-F2967DF51091}.Debug|Any CPU.ActiveCfg = Debug|Any CPU
		{80D27773-E8D8-4BC6-8479-F2967DF51091}.Debug|Any CPU.Build.0 = Debug|Any CPU
		{80D27773-E8D8-4BC6-8479-F2967DF51091}.Release|Any CPU.ActiveCfg = Release|Any CPU
		{80D27773-E8D8-4BC6-8479-F2967DF51091}.Release|Any CPU.Build.0 = Release|Any CPU
	EndGlobalSection
	GlobalSection(SolutionProperties) = preSolution
		HideSolutionNode = FALSE
	EndGlobalSection
EndGlobal
